
Microsoft Visual Studio Solution File, Format Version 12.00
# Visual Studio Version 16
VisualStudioVersion = 16.0.30413.136
MinimumVisualStudioVersion = 10.0.40219.1
Project("{888888A0-9F3D-457C-B088-3A5042F75D52}") = "mp2", "mp2\mp2.pyproj", "{19759A65-8B8E-4F63-8278-F9230632891A}"
EndProject
Global
	GlobalSection(SolutionConfigurationPlatforms) = preSolution
		Debug|Any CPU = Debug|Any CPU
		Release|Any CPU = Release|Any CPU
	EndGlobalSection
	GlobalSection(ProjectConfigurationPlatforms) = postSolution
		{19759A65-8B8E-4F63-8278-F9230632891A}.Debug|Any CPU.ActiveCfg = Debug|Any CPU
		{19759A65-8B8E-4F63-8278-F9230632891A}.Release|Any CPU.ActiveCfg = Release|Any CPU
	EndGlobalSection
	GlobalSection(SolutionProperties) = preSolution
		HideSolutionNode = FALSE
	EndGlobalSection
	GlobalSection(ExtensibilityGlobals) = postSolution
		SolutionGuid = {0BF47A86-AEDB-4FEB-9E79-472ED924086B}
	EndGlobalSection
EndGlobal
