
Microsoft Visual Studio Solution File, Format Version 12.00
# Visual Studio Version 16
VisualStudioVersion = 16.0.30413.136
MinimumVisualStudioVersion = 10.0.40219.1
Project("{888888A0-9F3D-457C-B088-3A5042F75D52}") = "mp1", "mp1\mp1.pyproj", "{76A26EDB-AC31-406F-AC71-AFDB01D450CF}"
EndProject
Global
	GlobalSection(SolutionConfigurationPlatforms) = preSolution
		Debug|Any CPU = Debug|Any CPU
		Release|Any CPU = Release|Any CPU
	EndGlobalSection
	GlobalSection(ProjectConfigurationPlatforms) = postSolution
		{76A26EDB-AC31-406F-AC71-AFDB01D450CF}.Debug|Any CPU.ActiveCfg = Debug|Any CPU
		{76A26EDB-AC31-406F-AC71-AFDB01D450CF}.Release|Any CPU.ActiveCfg = Release|Any CPU
	EndGlobalSection
	GlobalSection(SolutionProperties) = preSolution
		HideSolutionNode = FALSE
	EndGlobalSection
	GlobalSection(ExtensibilityGlobals) = postSolution
		SolutionGuid = {AC235A87-151E-4691-BE35-631545E62259}
	EndGlobalSection
EndGlobal
